// !$*UTF8*$!
{
	archiveVersion = 1;
	classes = {
	};
	objectVersion = 50;
	objects = {

/* Begin PBXBuildFile section */
		F7658C142691859C00B7BD5D /* AppDelegate.swift in Sources */ = {isa = PBXBuildFile; fileRef = F7658C132691859C00B7BD5D /* AppDelegate.swift */; };
		F7658C162691859C00B7BD5D /* SceneDelegate.swift in Sources */ = {isa = PBXBuildFile; fileRef = F7658C152691859C00B7BD5D /* SceneDelegate.swift */; };
		F7658C182691859C00B7BD5D /* ViewController.swift in Sources */ = {isa = PBXBuildFile; fileRef = F7658C172691859C00B7BD5D /* ViewController.swift */; };
		F7658C1B2691859C00B7BD5D /* Main.storyboard in Resources */ = {isa = PBXBuildFile; fileRef = F7658C192691859C00B7BD5D /* Main.storyboard */; };
		F7658C1D2691859E00B7BD5D /* Assets.xcassets in Resources */ = {isa = PBXBuildFile; fileRef = F7658C1C2691859E00B7BD5D /* Assets.xcassets */; };
		F7658C202691859E00B7BD5D /* LaunchScreen.storyboard in Resources */ = {isa = PBXBuildFile; fileRef = F7658C1E2691859E00B7BD5D /* LaunchScreen.storyboard */; };
		F7658C2B2691859E00B7BD5D /* SixtAppTests.swift in Sources */ = {isa = PBXBuildFile; fileRef = F7658C2A2691859E00B7BD5D /* SixtAppTests.swift */; };
		F7658C362691859E00B7BD5D /* SixtAppUITests.swift in Sources */ = {isa = PBXBuildFile; fileRef = F7658C352691859E00B7BD5D /* SixtAppUITests.swift */; };
		F7658C4926918C0B00B7BD5D /* SixtApiClient.swift in Sources */ = {isa = PBXBuildFile; fileRef = F7658C4826918C0B00B7BD5D /* SixtApiClient.swift */; };
		F7658C4B26918D2F00B7BD5D /* ApiFactory.swift in Sources */ = {isa = PBXBuildFile; fileRef = F7658C4A26918D2F00B7BD5D /* ApiFactory.swift */; };
		F7658C4D2691AD7B00B7BD5D /* ApiError.swift in Sources */ = {isa = PBXBuildFile; fileRef = F7658C4C2691AD7B00B7BD5D /* ApiError.swift */; };
		F7658C4F2691B13500B7BD5D /* ApiClient.swift in Sources */ = {isa = PBXBuildFile; fileRef = F7658C4E2691B13500B7BD5D /* ApiClient.swift */; };
		F7658C512691D9FA00B7BD5D /* Auto.swift in Sources */ = {isa = PBXBuildFile; fileRef = F7658C502691D9FA00B7BD5D /* Auto.swift */; };
		F7658C532691DA2E00B7BD5D /* Transmission.swift in Sources */ = {isa = PBXBuildFile; fileRef = F7658C522691DA2E00B7BD5D /* Transmission.swift */; };
		F7658C552691DA5400B7BD5D /* InnerCleanliness.swift in Sources */ = {isa = PBXBuildFile; fileRef = F7658C542691DA5400B7BD5D /* InnerCleanliness.swift */; };
		F7658C572691DC9100B7BD5D /* Car.swift in Sources */ = {isa = PBXBuildFile; fileRef = F7658C562691DC9100B7BD5D /* Car.swift */; };
		F7658C5B2692229500B7BD5D /* MapViewController.swift in Sources */ = {isa = PBXBuildFile; fileRef = F7658C5A2692229500B7BD5D /* MapViewController.swift */; };
		F7658C5D2692A93500B7BD5D /* README.txt in Resources */ = {isa = PBXBuildFile; fileRef = F7658C5C2692A93500B7BD5D /* README.txt */; };
		F7658C602692B01500B7BD5D /* CacheManager.swift in Sources */ = {isa = PBXBuildFile; fileRef = F7658C5F2692B01500B7BD5D /* CacheManager.swift */; };
		F7658C622692BA7B00B7BD5D /* ViewController + ext + tableview.swift in Sources */ = {isa = PBXBuildFile; fileRef = F7658C612692BA7B00B7BD5D /* ViewController + ext + tableview.swift */; };
		F7658C642692CF0800B7BD5D /* CarTableViewCell.swift in Sources */ = {isa = PBXBuildFile; fileRef = F7658C632692CF0800B7BD5D /* CarTableViewCell.swift */; };
		F7658C662692DECD00B7BD5D /* CarDetailView.swift in Sources */ = {isa = PBXBuildFile; fileRef = F7658C652692DECD00B7BD5D /* CarDetailView.swift */; };
		F7986C5726931BEB0063C705 /* MapKit.framework in Frameworks */ = {isa = PBXBuildFile; fileRef = F7986C5626931BEB0063C705 /* MapKit.framework */; };
		F7986C5B2693401E0063C705 /* BaseViewController.swift in Sources */ = {isa = PBXBuildFile; fileRef = F7986C5A2693401E0063C705 /* BaseViewController.swift */; };
		F7986C5D2693446D0063C705 /* MKMapType + ext.swift in Sources */ = {isa = PBXBuildFile; fileRef = F7986C5C2693446D0063C705 /* MKMapType + ext.swift */; };
		F7986C5F26934FC10063C705 /* MapViewController + Annotations.swift in Sources */ = {isa = PBXBuildFile; fileRef = F7986C5E26934FC10063C705 /* MapViewController + Annotations.swift */; };
		F7986C61269351170063C705 /* CarAnnotation.swift in Sources */ = {isa = PBXBuildFile; fileRef = F7986C60269351170063C705 /* CarAnnotation.swift */; };
		F7FED2112693604C00193B59 /* AnnotationDetailViewController.swift in Sources */ = {isa = PBXBuildFile; fileRef = F7FED20F2693604C00193B59 /* AnnotationDetailViewController.swift */; };
		F7FED2122693604C00193B59 /* AnnotationDetailViewController.xib in Resources */ = {isa = PBXBuildFile; fileRef = F7FED2102693604C00193B59 /* AnnotationDetailViewController.xib */; };
		F7FED21426941A3E00193B59 /* SixtServiceTests.swift in Sources */ = {isa = PBXBuildFile; fileRef = F7FED21326941A3E00193B59 /* SixtServiceTests.swift */; };
		F7FED21626943CD900193B59 /* CarsJson.txt in Resources */ = {isa = PBXBuildFile; fileRef = F7FED21526943CD900193B59 /* CarsJson.txt */; };
		F7FED218269445F700193B59 /* MockSixtApiClient.swift in Sources */ = {isa = PBXBuildFile; fileRef = F7FED217269445F700193B59 /* MockSixtApiClient.swift */; };
/* End PBXBuildFile section */

/* Begin PBXContainerItemProxy section */
		F7658C272691859E00B7BD5D /* PBXContainerItemProxy */ = {
			isa = PBXContainerItemProxy;
			containerPortal = F7658C082691859C00B7BD5D /* Project object */;
			proxyType = 1;
			remoteGlobalIDString = F7658C0F2691859C00B7BD5D;
			remoteInfo = SixtApp;
		};
		F7658C322691859E00B7BD5D /* PBXContainerItemProxy */ = {
			isa = PBXContainerItemProxy;
			containerPortal = F7658C082691859C00B7BD5D /* Project object */;
			proxyType = 1;
			remoteGlobalIDString = F7658C0F2691859C00B7BD5D;
			remoteInfo = SixtApp;
		};
/* End PBXContainerItemProxy section */

/* Begin PBXFileReference section */
		F7658C102691859C00B7BD5D /* SixtApp.app */ = {isa = PBXFileReference; explicitFileType = wrapper.application; includeInIndex = 0; path = SixtApp.app; sourceTree = BUILT_PRODUCTS_DIR; };
		F7658C132691859C00B7BD5D /* AppDelegate.swift */ = {isa = PBXFileReference; lastKnownFileType = sourcecode.swift; path = AppDelegate.swift; sourceTree = "<group>"; };
		F7658C152691859C00B7BD5D /* SceneDelegate.swift */ = {isa = PBXFileReference; lastKnownFileType = sourcecode.swift; path = SceneDelegate.swift; sourceTree = "<group>"; };
		F7658C172691859C00B7BD5D /* ViewController.swift */ = {isa = PBXFileReference; lastKnownFileType = sourcecode.swift; path = ViewController.swift; sourceTree = "<group>"; };
		F7658C1A2691859C00B7BD5D /* Base */ = {isa = PBXFileReference; lastKnownFileType = file.storyboard; name = Base; path = Base.lproj/Main.storyboard; sourceTree = "<group>"; };
		F7658C1C2691859E00B7BD5D /* Assets.xcassets */ = {isa = PBXFileReference; lastKnownFileType = folder.assetcatalog; path = Assets.xcassets; sourceTree = "<group>"; };
		F7658C1F2691859E00B7BD5D /* Base */ = {isa = PBXFileReference; lastKnownFileType = file.storyboard; name = Base; path = Base.lproj/LaunchScreen.storyboard; sourceTree = "<group>"; };
		F7658C212691859E00B7BD5D /* Info.plist */ = {isa = PBXFileReference; lastKnownFileType = text.plist.xml; path = Info.plist; sourceTree = "<group>"; };
		F7658C262691859E00B7BD5D /* SixtAppTests.xctest */ = {isa = PBXFileReference; explicitFileType = wrapper.cfbundle; includeInIndex = 0; path = SixtAppTests.xctest; sourceTree = BUILT_PRODUCTS_DIR; };
		F7658C2A2691859E00B7BD5D /* SixtAppTests.swift */ = {isa = PBXFileReference; lastKnownFileType = sourcecode.swift; path = SixtAppTests.swift; sourceTree = "<group>"; };
		F7658C2C2691859E00B7BD5D /* Info.plist */ = {isa = PBXFileReference; lastKnownFileType = text.plist.xml; path = Info.plist; sourceTree = "<group>"; };
		F7658C312691859E00B7BD5D /* SixtAppUITests.xctest */ = {isa = PBXFileReference; explicitFileType = wrapper.cfbundle; includeInIndex = 0; path = SixtAppUITests.xctest; sourceTree = BUILT_PRODUCTS_DIR; };
		F7658C352691859E00B7BD5D /* SixtAppUITests.swift */ = {isa = PBXFileReference; lastKnownFileType = sourcecode.swift; path = SixtAppUITests.swift; sourceTree = "<group>"; };
		F7658C372691859E00B7BD5D /* Info.plist */ = {isa = PBXFileReference; lastKnownFileType = text.plist.xml; path = Info.plist; sourceTree = "<group>"; };
		F7658C4826918C0B00B7BD5D /* SixtApiClient.swift */ = {isa = PBXFileReference; lastKnownFileType = sourcecode.swift; path = SixtApiClient.swift; sourceTree = "<group>"; };
		F7658C4A26918D2F00B7BD5D /* ApiFactory.swift */ = {isa = PBXFileReference; lastKnownFileType = sourcecode.swift; path = ApiFactory.swift; sourceTree = "<group>"; };
		F7658C4C2691AD7B00B7BD5D /* ApiError.swift */ = {isa = PBXFileReference; lastKnownFileType = sourcecode.swift; path = ApiError.swift; sourceTree = "<group>"; };
		F7658C4E2691B13500B7BD5D /* ApiClient.swift */ = {isa = PBXFileReference; lastKnownFileType = sourcecode.swift; path = ApiClient.swift; sourceTree = "<group>"; };
		F7658C502691D9FA00B7BD5D /* Auto.swift */ = {isa = PBXFileReference; lastKnownFileType = sourcecode.swift; path = Auto.swift; sourceTree = "<group>"; };
		F7658C522691DA2E00B7BD5D /* Transmission.swift */ = {isa = PBXFileReference; lastKnownFileType = sourcecode.swift; path = Transmission.swift; sourceTree = "<group>"; };
		F7658C542691DA5400B7BD5D /* InnerCleanliness.swift */ = {isa = PBXFileReference; lastKnownFileType = sourcecode.swift; path = InnerCleanliness.swift; sourceTree = "<group>"; };
		F7658C562691DC9100B7BD5D /* Car.swift */ = {isa = PBXFileReference; lastKnownFileType = sourcecode.swift; path = Car.swift; sourceTree = "<group>"; };
		F7658C5A2692229500B7BD5D /* MapViewController.swift */ = {isa = PBXFileReference; lastKnownFileType = sourcecode.swift; path = MapViewController.swift; sourceTree = "<group>"; };
		F7658C5C2692A93500B7BD5D /* README.txt */ = {isa = PBXFileReference; lastKnownFileType = text; path = README.txt; sourceTree = "<group>"; };
		F7658C5F2692B01500B7BD5D /* CacheManager.swift */ = {isa = PBXFileReference; lastKnownFileType = sourcecode.swift; path = CacheManager.swift; sourceTree = "<group>"; };
		F7658C612692BA7B00B7BD5D /* ViewController + ext + tableview.swift */ = {isa = PBXFileReference; lastKnownFileType = sourcecode.swift; path = "ViewController + ext + tableview.swift"; sourceTree = "<group>"; };
		F7658C632692CF0800B7BD5D /* CarTableViewCell.swift */ = {isa = PBXFileReference; lastKnownFileType = sourcecode.swift; path = CarTableViewCell.swift; sourceTree = "<group>"; };
		F7658C652692DECD00B7BD5D /* CarDetailView.swift */ = {isa = PBXFileReference; lastKnownFileType = sourcecode.swift; path = CarDetailView.swift; sourceTree = "<group>"; };
		F7986C5626931BEB0063C705 /* MapKit.framework */ = {isa = PBXFileReference; lastKnownFileType = wrapper.framework; name = MapKit.framework; path = System/Library/Frameworks/MapKit.framework; sourceTree = SDKROOT; };
		F7986C5A2693401E0063C705 /* BaseViewController.swift */ = {isa = PBXFileReference; lastKnownFileType = sourcecode.swift; path = BaseViewController.swift; sourceTree = "<group>"; };
		F7986C5C2693446D0063C705 /* MKMapType + ext.swift */ = {isa = PBXFileReference; lastKnownFileType = sourcecode.swift; path = "MKMapType + ext.swift"; sourceTree = "<group>"; };
		F7986C5E26934FC10063C705 /* MapViewController + Annotations.swift */ = {isa = PBXFileReference; lastKnownFileType = sourcecode.swift; path = "MapViewController + Annotations.swift"; sourceTree = "<group>"; };
		F7986C60269351170063C705 /* CarAnnotation.swift */ = {isa = PBXFileReference; lastKnownFileType = sourcecode.swift; path = CarAnnotation.swift; sourceTree = "<group>"; };
		F7FED20F2693604C00193B59 /* AnnotationDetailViewController.swift */ = {isa = PBXFileReference; lastKnownFileType = sourcecode.swift; path = AnnotationDetailViewController.swift; sourceTree = "<group>"; };
		F7FED2102693604C00193B59 /* AnnotationDetailViewController.xib */ = {isa = PBXFileReference; lastKnownFileType = file.xib; path = AnnotationDetailViewController.xib; sourceTree = "<group>"; };
		F7FED21326941A3E00193B59 /* SixtServiceTests.swift */ = {isa = PBXFileReference; lastKnownFileType = sourcecode.swift; path = SixtServiceTests.swift; sourceTree = "<group>"; };
		F7FED21526943CD900193B59 /* CarsJson.txt */ = {isa = PBXFileReference; lastKnownFileType = text; path = CarsJson.txt; sourceTree = "<group>"; };
		F7FED217269445F700193B59 /* MockSixtApiClient.swift */ = {isa = PBXFileReference; lastKnownFileType = sourcecode.swift; path = MockSixtApiClient.swift; sourceTree = "<group>"; };
/* End PBXFileReference section */

/* Begin PBXFrameworksBuildPhase section */
		F7658C0D2691859C00B7BD5D /* Frameworks */ = {
			isa = PBXFrameworksBuildPhase;
			buildActionMask = 2147483647;
			files = (
				F7986C5726931BEB0063C705 /* MapKit.framework in Frameworks */,
			);
			runOnlyForDeploymentPostprocessing = 0;
		};
		F7658C232691859E00B7BD5D /* Frameworks */ = {
			isa = PBXFrameworksBuildPhase;
			buildActionMask = 2147483647;
			files = (
			);
			runOnlyForDeploymentPostprocessing = 0;
		};
		F7658C2E2691859E00B7BD5D /* Frameworks */ = {
			isa = PBXFrameworksBuildPhase;
			buildActionMask = 2147483647;
			files = (
			);
			runOnlyForDeploymentPostprocessing = 0;
		};
/* End PBXFrameworksBuildPhase section */

/* Begin PBXGroup section */
		F7658C072691859C00B7BD5D = {
			isa = PBXGroup;
			children = (
				F7658C5C2692A93500B7BD5D /* README.txt */,
				F7658C122691859C00B7BD5D /* SixtApp */,
				F7658C292691859E00B7BD5D /* SixtAppTests */,
				F7658C342691859E00B7BD5D /* SixtAppUITests */,
				F7658C112691859C00B7BD5D /* Products */,
				F7986C5526931BEB0063C705 /* Frameworks */,
			);
			sourceTree = "<group>";
		};
		F7658C112691859C00B7BD5D /* Products */ = {
			isa = PBXGroup;
			children = (
				F7658C102691859C00B7BD5D /* SixtApp.app */,
				F7658C262691859E00B7BD5D /* SixtAppTests.xctest */,
				F7658C312691859E00B7BD5D /* SixtAppUITests.xctest */,
			);
			name = Products;
			sourceTree = "<group>";
		};
		F7658C122691859C00B7BD5D /* SixtApp */ = {
			isa = PBXGroup;
			children = (
				F7658C132691859C00B7BD5D /* AppDelegate.swift */,
				F7658C152691859C00B7BD5D /* SceneDelegate.swift */,
				F7658C5E2692AFFB00B7BD5D /* Managers */,
				F7658C462691865200B7BD5D /* Services */,
				F7658C472691866700B7BD5D /* Models */,
				F7658C43269185D100B7BD5D /* ViewControllers */,
				F7658C672692E79300B7BD5D /* Views */,
				F7658C45269185FF00B7BD5D /* Storyboards */,
				F7658C44269185E600B7BD5D /* Artifacts */,
			);
			path = SixtApp;
			sourceTree = "<group>";
		};
		F7658C292691859E00B7BD5D /* SixtAppTests */ = {
			isa = PBXGroup;
			children = (
				F7FED21326941A3E00193B59 /* SixtServiceTests.swift */,
				F7658C2A2691859E00B7BD5D /* SixtAppTests.swift */,
				F7658C2C2691859E00B7BD5D /* Info.plist */,
				F7FED21526943CD900193B59 /* CarsJson.txt */,
				F7FED217269445F700193B59 /* MockSixtApiClient.swift */,
			);
			path = SixtAppTests;
			sourceTree = "<group>";
		};
		F7658C342691859E00B7BD5D /* SixtAppUITests */ = {
			isa = PBXGroup;
			children = (
				F7658C352691859E00B7BD5D /* SixtAppUITests.swift */,
				F7658C372691859E00B7BD5D /* Info.plist */,
			);
			path = SixtAppUITests;
			sourceTree = "<group>";
		};
		F7658C43269185D100B7BD5D /* ViewControllers */ = {
			isa = PBXGroup;
			children = (
				F7986C5A2693401E0063C705 /* BaseViewController.swift */,
				F7658C172691859C00B7BD5D /* ViewController.swift */,
				F7658C612692BA7B00B7BD5D /* ViewController + ext + tableview.swift */,
				F7658C5A2692229500B7BD5D /* MapViewController.swift */,
				F7986C5E26934FC10063C705 /* MapViewController + Annotations.swift */,
				F7FED20F2693604C00193B59 /* AnnotationDetailViewController.swift */,
				F7FED2102693604C00193B59 /* AnnotationDetailViewController.xib */,
			);
			path = ViewControllers;
			sourceTree = "<group>";
		};
		F7658C44269185E600B7BD5D /* Artifacts */ = {
			isa = PBXGroup;
			children = (
				F7658C1C2691859E00B7BD5D /* Assets.xcassets */,
				F7658C212691859E00B7BD5D /* Info.plist */,
			);
			name = Artifacts;
			sourceTree = "<group>";
		};
		F7658C45269185FF00B7BD5D /* Storyboards */ = {
			isa = PBXGroup;
			children = (
				F7658C192691859C00B7BD5D /* Main.storyboard */,
				F7658C1E2691859E00B7BD5D /* LaunchScreen.storyboard */,
			);
			path = Storyboards;
			sourceTree = "<group>";
		};
		F7658C462691865200B7BD5D /* Services */ = {
			isa = PBXGroup;
			children = (
				F7658C4A26918D2F00B7BD5D /* ApiFactory.swift */,
				F7658C4E2691B13500B7BD5D /* ApiClient.swift */,
				F7658C4C2691AD7B00B7BD5D /* ApiError.swift */,
				F7658C4826918C0B00B7BD5D /* SixtApiClient.swift */,
			);
			path = Services;
			sourceTree = "<group>";
		};
		F7658C472691866700B7BD5D /* Models */ = {
			isa = PBXGroup;
			children = (
				F7658C502691D9FA00B7BD5D /* Auto.swift */,
				F7658C562691DC9100B7BD5D /* Car.swift */,
				F7658C542691DA5400B7BD5D /* InnerCleanliness.swift */,
				F7658C522691DA2E00B7BD5D /* Transmission.swift */,
				F7986C5C2693446D0063C705 /* MKMapType + ext.swift */,
				F7986C60269351170063C705 /* CarAnnotation.swift */,
			);
			path = Models;
			sourceTree = "<group>";
		};
		F7658C5E2692AFFB00B7BD5D /* Managers */ = {
			isa = PBXGroup;
			children = (
				F7658C5F2692B01500B7BD5D /* CacheManager.swift */,
			);
			path = Managers;
			sourceTree = "<group>";
		};
		F7658C672692E79300B7BD5D /* Views */ = {
			isa = PBXGroup;
			children = (
				F7658C632692CF0800B7BD5D /* CarTableViewCell.swift */,
				F7658C652692DECD00B7BD5D /* CarDetailView.swift */,
			);
			path = Views;
			sourceTree = "<group>";
		};
		F7986C5526931BEB0063C705 /* Frameworks */ = {
			isa = PBXGroup;
			children = (
				F7986C5626931BEB0063C705 /* MapKit.framework */,
			);
			name = Frameworks;
			sourceTree = "<group>";
		};
/* End PBXGroup section */

/* Begin PBXNativeTarget section */
		F7658C0F2691859C00B7BD5D /* SixtApp */ = {
			isa = PBXNativeTarget;
			buildConfigurationList = F7658C3A2691859E00B7BD5D /* Build configuration list for PBXNativeTarget "SixtApp" */;
			buildPhases = (
				F7658C0C2691859C00B7BD5D /* Sources */,
				F7658C0D2691859C00B7BD5D /* Frameworks */,
				F7658C0E2691859C00B7BD5D /* Resources */,
			);
			buildRules = (
			);
			dependencies = (
			);
			name = SixtApp;
			productName = SixtApp;
			productReference = F7658C102691859C00B7BD5D /* SixtApp.app */;
			productType = "com.apple.product-type.application";
		};
		F7658C252691859E00B7BD5D /* SixtAppTests */ = {
			isa = PBXNativeTarget;
			buildConfigurationList = F7658C3D2691859E00B7BD5D /* Build configuration list for PBXNativeTarget "SixtAppTests" */;
			buildPhases = (
				F7658C222691859E00B7BD5D /* Sources */,
				F7658C232691859E00B7BD5D /* Frameworks */,
				F7658C242691859E00B7BD5D /* Resources */,
			);
			buildRules = (
			);
			dependencies = (
				F7658C282691859E00B7BD5D /* PBXTargetDependency */,
			);
			name = SixtAppTests;
			productName = SixtAppTests;
			productReference = F7658C262691859E00B7BD5D /* SixtAppTests.xctest */;
			productType = "com.apple.product-type.bundle.unit-test";
		};
		F7658C302691859E00B7BD5D /* SixtAppUITests */ = {
			isa = PBXNativeTarget;
			buildConfigurationList = F7658C402691859E00B7BD5D /* Build configuration list for PBXNativeTarget "SixtAppUITests" */;
			buildPhases = (
				F7658C2D2691859E00B7BD5D /* Sources */,
				F7658C2E2691859E00B7BD5D /* Frameworks */,
				F7658C2F2691859E00B7BD5D /* Resources */,
			);
			buildRules = (
			);
			dependencies = (
				F7658C332691859E00B7BD5D /* PBXTargetDependency */,
			);
			name = SixtAppUITests;
			productName = SixtAppUITests;
			productReference = F7658C312691859E00B7BD5D /* SixtAppUITests.xctest */;
			productType = "com.apple.product-type.bundle.ui-testing";
		};
/* End PBXNativeTarget section */

/* Begin PBXProject section */
		F7658C082691859C00B7BD5D /* Project object */ = {
			isa = PBXProject;
			attributes = {
				LastSwiftUpdateCheck = 1250;
				LastUpgradeCheck = 1250;
				TargetAttributes = {
					F7658C0F2691859C00B7BD5D = {
						CreatedOnToolsVersion = 12.5.1;
					};
					F7658C252691859E00B7BD5D = {
						CreatedOnToolsVersion = 12.5.1;
						TestTargetID = F7658C0F2691859C00B7BD5D;
					};
					F7658C302691859E00B7BD5D = {
						CreatedOnToolsVersion = 12.5.1;
						TestTargetID = F7658C0F2691859C00B7BD5D;
					};
				};
			};
			buildConfigurationList = F7658C0B2691859C00B7BD5D /* Build configuration list for PBXProject "SixtApp" */;
			compatibilityVersion = "Xcode 9.3";
			developmentRegion = en;
			hasScannedForEncodings = 0;
			knownRegions = (
				en,
				Base,
			);
			mainGroup = F7658C072691859C00B7BD5D;
			productRefGroup = F7658C112691859C00B7BD5D /* Products */;
			projectDirPath = "";
			projectRoot = "";
			targets = (
				F7658C0F2691859C00B7BD5D /* SixtApp */,
				F7658C252691859E00B7BD5D /* SixtAppTests */,
				F7658C302691859E00B7BD5D /* SixtAppUITests */,
			);
		};
/* End PBXProject section */

/* Begin PBXResourcesBuildPhase section */
		F7658C0E2691859C00B7BD5D /* Resources */ = {
			isa = PBXResourcesBuildPhase;
			buildActionMask = 2147483647;
			files = (
				F7658C202691859E00B7BD5D /* LaunchScreen.storyboard in Resources */,
				F7658C1D2691859E00B7BD5D /* Assets.xcassets in Resources */,
				F7658C5D2692A93500B7BD5D /* README.txt in Resources */,
				F7FED2122693604C00193B59 /* AnnotationDetailViewController.xib in Resources */,
				F7658C1B2691859C00B7BD5D /* Main.storyboard in Resources */,
			);
			runOnlyForDeploymentPostprocessing = 0;
		};
		F7658C242691859E00B7BD5D /* Resources */ = {
			isa = PBXResourcesBuildPhase;
			buildActionMask = 2147483647;
			files = (
				F7FED21626943CD900193B59 /* CarsJson.txt in Resources */,
			);
			runOnlyForDeploymentPostprocessing = 0;
		};
		F7658C2F2691859E00B7BD5D /* Resources */ = {
			isa = PBXResourcesBuildPhase;
			buildActionMask = 2147483647;
			files = (
			);
			runOnlyForDeploymentPostprocessing = 0;
		};
/* End PBXResourcesBuildPhase section */

/* Begin PBXSourcesBuildPhase section */
		F7658C0C2691859C00B7BD5D /* Sources */ = {
			isa = PBXSourcesBuildPhase;
			buildActionMask = 2147483647;
			files = (
				F7658C602692B01500B7BD5D /* CacheManager.swift in Sources */,
				F7658C4F2691B13500B7BD5D /* ApiClient.swift in Sources */,
				F7658C662692DECD00B7BD5D /* CarDetailView.swift in Sources */,
				F7658C182691859C00B7BD5D /* ViewController.swift in Sources */,
				F7658C142691859C00B7BD5D /* AppDelegate.swift in Sources */,
				F7658C532691DA2E00B7BD5D /* Transmission.swift in Sources */,
				F7658C162691859C00B7BD5D /* SceneDelegate.swift in Sources */,
				F7658C4926918C0B00B7BD5D /* SixtApiClient.swift in Sources */,
				F7986C5D2693446D0063C705 /* MKMapType + ext.swift in Sources */,
				F7658C552691DA5400B7BD5D /* InnerCleanliness.swift in Sources */,
				F7658C5B2692229500B7BD5D /* MapViewController.swift in Sources */,
				F7658C572691DC9100B7BD5D /* Car.swift in Sources */,
				F7658C4B26918D2F00B7BD5D /* ApiFactory.swift in Sources */,
				F7658C512691D9FA00B7BD5D /* Auto.swift in Sources */,
				F7986C5F26934FC10063C705 /* MapViewController + Annotations.swift in Sources */,
				F7986C61269351170063C705 /* CarAnnotation.swift in Sources */,
				F7658C622692BA7B00B7BD5D /* ViewController + ext + tableview.swift in Sources */,
				F7986C5B2693401E0063C705 /* BaseViewController.swift in Sources */,
				F7658C4D2691AD7B00B7BD5D /* ApiError.swift in Sources */,
				F7FED2112693604C00193B59 /* AnnotationDetailViewController.swift in Sources */,
				F7658C642692CF0800B7BD5D /* CarTableViewCell.swift in Sources */,
			);
			runOnlyForDeploymentPostprocessing = 0;
		};
		F7658C222691859E00B7BD5D /* Sources */ = {
			isa = PBXSourcesBuildPhase;
			buildActionMask = 2147483647;
			files = (
				F7FED218269445F700193B59 /* MockSixtApiClient.swift in Sources */,
				F7FED21426941A3E00193B59 /* SixtServiceTests.swift in Sources */,
				F7658C2B2691859E00B7BD5D /* SixtAppTests.swift in Sources */,
			);
			runOnlyForDeploymentPostprocessing = 0;
		};
		F7658C2D2691859E00B7BD5D /* Sources */ = {
			isa = PBXSourcesBuildPhase;
			buildActionMask = 2147483647;
			files = (
				F7658C362691859E00B7BD5D /* SixtAppUITests.swift in Sources */,
			);
			runOnlyForDeploymentPostprocessing = 0;
		};
/* End PBXSourcesBuildPhase section */

/* Begin PBXTargetDependency section */
		F7658C282691859E00B7BD5D /* PBXTargetDependency */ = {
			isa = PBXTargetDependency;
			target = F7658C0F2691859C00B7BD5D /* SixtApp */;
			targetProxy = F7658C272691859E00B7BD5D /* PBXContainerItemProxy */;
		};
		F7658C332691859E00B7BD5D /* PBXTargetDependency */ = {
			isa = PBXTargetDependency;
			target = F7658C0F2691859C00B7BD5D /* SixtApp */;
			targetProxy = F7658C322691859E00B7BD5D /* PBXContainerItemProxy */;
		};
/* End PBXTargetDependency section */

/* Begin PBXVariantGroup section */
		F7658C192691859C00B7BD5D /* Main.storyboard */ = {
			isa = PBXVariantGroup;
			children = (
				F7658C1A2691859C00B7BD5D /* Base */,
			);
			name = Main.storyboard;
			sourceTree = "<group>";
		};
		F7658C1E2691859E00B7BD5D /* LaunchScreen.storyboard */ = {
			isa = PBXVariantGroup;
			children = (
				F7658C1F2691859E00B7BD5D /* Base */,
			);
			name = LaunchScreen.storyboard;
			sourceTree = "<group>";
		};
/* End PBXVariantGroup section */

/* Begin XCBuildConfiguration section */
		F7658C382691859E00B7BD5D /* Debug */ = {
			isa = XCBuildConfiguration;
			buildSettings = {
				ALWAYS_SEARCH_USER_PATHS = NO;
				CLANG_ANALYZER_NONNULL = YES;
				CLANG_ANALYZER_NUMBER_OBJECT_CONVERSION = YES_AGGRESSIVE;
				CLANG_CXX_LANGUAGE_STANDARD = "gnu++14";
				CLANG_CXX_LIBRARY = "libc++";
				CLANG_ENABLE_MODULES = YES;
				CLANG_ENABLE_OBJC_ARC = YES;
				CLANG_ENABLE_OBJC_WEAK = YES;
				CLANG_WARN_BLOCK_CAPTURE_AUTORELEASING = YES;
				CLANG_WARN_BOOL_CONVERSION = YES;
				CLANG_WARN_COMMA = YES;
				CLANG_WARN_CONSTANT_CONVERSION = YES;
				CLANG_WARN_DEPRECATED_OBJC_IMPLEMENTATIONS = YES;
				CLANG_WARN_DIRECT_OBJC_ISA_USAGE = YES_ERROR;
				CLANG_WARN_DOCUMENTATION_COMMENTS = YES;
				CLANG_WARN_EMPTY_BODY = YES;
				CLANG_WARN_ENUM_CONVERSION = YES;
				CLANG_WARN_INFINITE_RECURSION = YES;
				CLANG_WARN_INT_CONVERSION = YES;
				CLANG_WARN_NON_LITERAL_NULL_CONVERSION = YES;
				CLANG_WARN_OBJC_IMPLICIT_RETAIN_SELF = YES;
				CLANG_WARN_OBJC_LITERAL_CONVERSION = YES;
				CLANG_WARN_OBJC_ROOT_CLASS = YES_ERROR;
				CLANG_WARN_QUOTED_INCLUDE_IN_FRAMEWORK_HEADER = YES;
				CLANG_WARN_RANGE_LOOP_ANALYSIS = YES;
				CLANG_WARN_STRICT_PROTOTYPES = YES;
				CLANG_WARN_SUSPICIOUS_MOVE = YES;
				CLANG_WARN_UNGUARDED_AVAILABILITY = YES_AGGRESSIVE;
				CLANG_WARN_UNREACHABLE_CODE = YES;
				CLANG_WARN__DUPLICATE_METHOD_MATCH = YES;
				COPY_PHASE_STRIP = NO;
				DEBUG_INFORMATION_FORMAT = dwarf;
				ENABLE_STRICT_OBJC_MSGSEND = YES;
				ENABLE_TESTABILITY = YES;
				GCC_C_LANGUAGE_STANDARD = gnu11;
				GCC_DYNAMIC_NO_PIC = NO;
				GCC_NO_COMMON_BLOCKS = YES;
				GCC_OPTIMIZATION_LEVEL = 0;
				GCC_PREPROCESSOR_DEFINITIONS = (
					"DEBUG=1",
					"$(inherited)",
				);
				GCC_WARN_64_TO_32_BIT_CONVERSION = YES;
				GCC_WARN_ABOUT_RETURN_TYPE = YES_ERROR;
				GCC_WARN_UNDECLARED_SELECTOR = YES;
				GCC_WARN_UNINITIALIZED_AUTOS = YES_AGGRESSIVE;
				GCC_WARN_UNUSED_FUNCTION = YES;
				GCC_WARN_UNUSED_VARIABLE = YES;
				IPHONEOS_DEPLOYMENT_TARGET = 14.5;
				MTL_ENABLE_DEBUG_INFO = INCLUDE_SOURCE;
				MTL_FAST_MATH = YES;
				ONLY_ACTIVE_ARCH = YES;
				SDKROOT = iphoneos;
				SWIFT_ACTIVE_COMPILATION_CONDITIONS = DEBUG;
				SWIFT_OPTIMIZATION_LEVEL = "-Onone";
			};
			name = Debug;
		};
		F7658C392691859E00B7BD5D /* Release */ = {
			isa = XCBuildConfiguration;
			buildSettings = {
				ALWAYS_SEARCH_USER_PATHS = NO;
				CLANG_ANALYZER_NONNULL = YES;
				CLANG_ANALYZER_NUMBER_OBJECT_CONVERSION = YES_AGGRESSIVE;
				CLANG_CXX_LANGUAGE_STANDARD = "gnu++14";
				CLANG_CXX_LIBRARY = "libc++";
				CLANG_ENABLE_MODULES = YES;
				CLANG_ENABLE_OBJC_ARC = YES;
				CLANG_ENABLE_OBJC_WEAK = YES;
				CLANG_WARN_BLOCK_CAPTURE_AUTORELEASING = YES;
				CLANG_WARN_BOOL_CONVERSION = YES;
				CLANG_WARN_COMMA = YES;
				CLANG_WARN_CONSTANT_CONVERSION = YES;
				CLANG_WARN_DEPRECATED_OBJC_IMPLEMENTATIONS = YES;
				CLANG_WARN_DIRECT_OBJC_ISA_USAGE = YES_ERROR;
				CLANG_WARN_DOCUMENTATION_COMMENTS = YES;
				CLANG_WARN_EMPTY_BODY = YES;
				CLANG_WARN_ENUM_CONVERSION = YES;
				CLANG_WARN_INFINITE_RECURSION = YES;
				CLANG_WARN_INT_CONVERSION = YES;
				CLANG_WARN_NON_LITERAL_NULL_CONVERSION = YES;
				CLANG_WARN_OBJC_IMPLICIT_RETAIN_SELF = YES;
				CLANG_WARN_OBJC_LITERAL_CONVERSION = YES;
				CLANG_WARN_OBJC_ROOT_CLASS = YES_ERROR;
				CLANG_WARN_QUOTED_INCLUDE_IN_FRAMEWORK_HEADER = YES;
				CLANG_WARN_RANGE_LOOP_ANALYSIS = YES;
				CLANG_WARN_STRICT_PROTOTYPES = YES;
				CLANG_WARN_SUSPICIOUS_MOVE = YES;
				CLANG_WARN_UNGUARDED_AVAILABILITY = YES_AGGRESSIVE;
				CLANG_WARN_UNREACHABLE_CODE = YES;
				CLANG_WARN__DUPLICATE_METHOD_MATCH = YES;
				COPY_PHASE_STRIP = NO;
				DEBUG_INFORMATION_FORMAT = "dwarf-with-dsym";
				ENABLE_NS_ASSERTIONS = NO;
				ENABLE_STRICT_OBJC_MSGSEND = YES;
				GCC_C_LANGUAGE_STANDARD = gnu11;
				GCC_NO_COMMON_BLOCKS = YES;
				GCC_WARN_64_TO_32_BIT_CONVERSION = YES;
				GCC_WARN_ABOUT_RETURN_TYPE = YES_ERROR;
				GCC_WARN_UNDECLARED_SELECTOR = YES;
				GCC_WARN_UNINITIALIZED_AUTOS = YES_AGGRESSIVE;
				GCC_WARN_UNUSED_FUNCTION = YES;
				GCC_WARN_UNUSED_VARIABLE = YES;
				IPHONEOS_DEPLOYMENT_TARGET = 14.5;
				MTL_ENABLE_DEBUG_INFO = NO;
				MTL_FAST_MATH = YES;
				SDKROOT = iphoneos;
				SWIFT_COMPILATION_MODE = wholemodule;
				SWIFT_OPTIMIZATION_LEVEL = "-O";
				VALIDATE_PRODUCT = YES;
			};
			name = Release;
		};
		F7658C3B2691859E00B7BD5D /* Debug */ = {
			isa = XCBuildConfiguration;
			buildSettings = {
				ASSETCATALOG_COMPILER_APPICON_NAME = AppIcon;
				ASSETCATALOG_COMPILER_GLOBAL_ACCENT_COLOR_NAME = AccentColor;
				CODE_SIGN_STYLE = Automatic;
				DEVELOPMENT_TEAM = 85373584HZ;
				INFOPLIST_FILE = SixtApp/Info.plist;
				LD_RUNPATH_SEARCH_PATHS = (
					"$(inherited)",
					"@executable_path/Frameworks",
				);
				PRODUCT_BUNDLE_IDENTIFIER = com.gokhanmutlu.example.SixtApp;
				PRODUCT_NAME = "$(TARGET_NAME)";
				SWIFT_VERSION = 5.0;
				TARGETED_DEVICE_FAMILY = 1;
			};
			name = Debug;
		};
		F7658C3C2691859E00B7BD5D /* Release */ = {
			isa = XCBuildConfiguration;
			buildSettings = {
				ASSETCATALOG_COMPILER_APPICON_NAME = AppIcon;
				ASSETCATALOG_COMPILER_GLOBAL_ACCENT_COLOR_NAME = AccentColor;
				CODE_SIGN_STYLE = Automatic;
				DEVELOPMENT_TEAM = 85373584HZ;
				INFOPLIST_FILE = SixtApp/Info.plist;
				LD_RUNPATH_SEARCH_PATHS = (
					"$(inherited)",
					"@executable_path/Frameworks",
				);
				PRODUCT_BUNDLE_IDENTIFIER = com.gokhanmutlu.example.SixtApp;
				PRODUCT_NAME = "$(TARGET_NAME)";
				SWIFT_VERSION = 5.0;
				TARGETED_DEVICE_FAMILY = 1;
			};
			name = Release;
		};
		F7658C3E2691859E00B7BD5D /* Debug */ = {
			isa = XCBuildConfiguration;
			buildSettings = {
				ALWAYS_EMBED_SWIFT_STANDARD_LIBRARIES = YES;
				BUNDLE_LOADER = "$(TEST_HOST)";
				CODE_SIGN_STYLE = Automatic;
				DEVELOPMENT_TEAM = 85373584HZ;
				INFOPLIST_FILE = SixtAppTests/Info.plist;
				IPHONEOS_DEPLOYMENT_TARGET = 14.5;
				LD_RUNPATH_SEARCH_PATHS = (
					"$(inherited)",
					"@executable_path/Frameworks",
					"@loader_path/Frameworks",
				);
				PRODUCT_BUNDLE_IDENTIFIER = com.gokhanmutlu.example.SixtAppTests;
				PRODUCT_NAME = "$(TARGET_NAME)";
				SWIFT_VERSION = 5.0;
				TARGETED_DEVICE_FAMILY = "1,2";
				TEST_HOST = "$(BUILT_PRODUCTS_DIR)/SixtApp.app/SixtApp";
			};
			name = Debug;
		};
		F7658C3F2691859E00B7BD5D /* Release */ = {
			isa = XCBuildConfiguration;
			buildSettings = {
				ALWAYS_EMBED_SWIFT_STANDARD_LIBRARIES = YES;
				BUNDLE_LOADER = "$(TEST_HOST)";
				CODE_SIGN_STYLE = Automatic;
				DEVELOPMENT_TEAM = 85373584HZ;
				INFOPLIST_FILE = SixtAppTests/Info.plist;
				IPHONEOS_DEPLOYMENT_TARGET = 14.5;
				LD_RUNPATH_SEARCH_PATHS = (
					"$(inherited)",
					"@executable_path/Frameworks",
					"@loader_path/Frameworks",
				);
				PRODUCT_BUNDLE_IDENTIFIER = com.gokhanmutlu.example.SixtAppTests;
				PRODUCT_NAME = "$(TARGET_NAME)";
				SWIFT_VERSION = 5.0;
				TARGETED_DEVICE_FAMILY = "1,2";
				TEST_HOST = "$(BUILT_PRODUCTS_DIR)/SixtApp.app/SixtApp";
			};
			name = Release;
		};
		F7658C412691859E00B7BD5D /* Debug */ = {
			isa = XCBuildConfiguration;
			buildSettings = {
				ALWAYS_EMBED_SWIFT_STANDARD_LIBRARIES = YES;
				CODE_SIGN_STYLE = Automatic;
				DEVELOPMENT_TEAM = 85373584HZ;
				INFOPLIST_FILE = SixtAppUITests/Info.plist;
				LD_RUNPATH_SEARCH_PATHS = (
					"$(inherited)",
					"@executable_path/Frameworks",
					"@loader_path/Frameworks",
				);
				PRODUCT_BUNDLE_IDENTIFIER = com.gokhanmutlu.example.SixtAppUITests;
				PRODUCT_NAME = "$(TARGET_NAME)";
				SWIFT_VERSION = 5.0;
				TARGETED_DEVICE_FAMILY = "1,2";
				TEST_TARGET_NAME = SixtApp;
			};
			name = Debug;
		};
		F7658C422691859E00B7BD5D /* Release */ = {
			isa = XCBuildConfiguration;
			buildSettings = {
				ALWAYS_EMBED_SWIFT_STANDARD_LIBRARIES = YES;
				CODE_SIGN_STYLE = Automatic;
				DEVELOPMENT_TEAM = 85373584HZ;
				INFOPLIST_FILE = SixtAppUITests/Info.plist;
				LD_RUNPATH_SEARCH_PATHS = (
					"$(inherited)",
					"@executable_path/Frameworks",
					"@loader_path/Frameworks",
				);
				PRODUCT_BUNDLE_IDENTIFIER = com.gokhanmutlu.example.SixtAppUITests;
				PRODUCT_NAME = "$(TARGET_NAME)";
				SWIFT_VERSION = 5.0;
				TARGETED_DEVICE_FAMILY = "1,2";
				TEST_TARGET_NAME = SixtApp;
			};
			name = Release;
		};
/* End XCBuildConfiguration section */

/* Begin XCConfigurationList section */
		F7658C0B2691859C00B7BD5D /* Build configuration list for PBXProject "SixtApp" */ = {
			isa = XCConfigurationList;
			buildConfigurations = (
				F7658C382691859E00B7BD5D /* Debug */,
				F7658C392691859E00B7BD5D /* Release */,
			);
			defaultConfigurationIsVisible = 0;
			defaultConfigurationName = Release;
		};
		F7658C3A2691859E00B7BD5D /* Build configuration list for PBXNativeTarget "SixtApp" */ = {
			isa = XCConfigurationList;
			buildConfigurations = (
				F7658C3B2691859E00B7BD5D /* Debug */,
				F7658C3C2691859E00B7BD5D /* Release */,
			);
			defaultConfigurationIsVisible = 0;
			defaultConfigurationName = Release;
		};
		F7658C3D2691859E00B7BD5D /* Build configuration list for PBXNativeTarget "SixtAppTests" */ = {
			isa = XCConfigurationList;
			buildConfigurations = (
				F7658C3E2691859E00B7BD5D /* Debug */,
				F7658C3F2691859E00B7BD5D /* Release */,
			);
			defaultConfigurationIsVisible = 0;
			defaultConfigurationName = Release;
		};
		F7658C402691859E00B7BD5D /* Build configuration list for PBXNativeTarget "SixtAppUITests" */ = {
			isa = XCConfigurationList;
			buildConfigurations = (
				F7658C412691859E00B7BD5D /* Debug */,
				F7658C422691859E00B7BD5D /* Release */,
			);
			defaultConfigurationIsVisible = 0;
			defaultConfigurationName = Release;
		};
/* End XCConfigurationList section */
	};
	rootObject = F7658C082691859C00B7BD5D /* Project object */;
}
